{
  "name": "@shakerquiz/translations",
  "version": "0.0.61",
  "lockfileVersion": 3,
  "requires": true,
  "packages": {
    "": {
      "name": "@shakerquiz/translations",
      "version": "0.0.61",
      "license": "ISC",
      "devDependencies": {
        "@shakerquiz/utilities": "4.0.95"
      }
    },
    "node_modules/@shakerquiz/utilities": {
      "version": "4.0.95",
      "resolved": "https://registry.npmjs.org/@shakerquiz/utilities/-/utilities-4.0.95.tgz",
      "integrity": "sha512-HHcSp47ziB4TP9hquvjNQjRJmISQild5/eD+aAJ7nqSStvSwFp60/z1N50YyI/ofCTkESsVTjlsgHspSyqZIjA==",
      "dev": true,
      "license": "ISC"
    }
  }
}
