{
  "name": "@shakerquiz/contracts",
  "version": "0.0.14",
  "lockfileVersion": 3,
  "requires": true,
  "packages": {
    "": {
      "name": "@shakerquiz/contracts",
      "version": "0.0.14",
      "license": "ISC",
      "devDependencies": {
        "@shakerquiz/utilities": "0.5.219"
      }
    },
    "node_modules/@shakerquiz/utilities": {
      "version": "0.5.219",
      "resolved": "https://registry.npmjs.org/@shakerquiz/utilities/-/utilities-0.5.219.tgz",
      "integrity": "sha512-plkg/yPAfC01MDRG/OZkG8RNml6k6HK79k+zS37JOwcH6cgqQK5RC7jcuC/mtSirYIAiKonN9m2zwqklBNVoQQ==",
      "dev": true,
      "license": "ISC"
    }
  }
}
