{
  "name": "@shakerquiz/translations",
  "version": "0.0.58",
  "lockfileVersion": 3,
  "requires": true,
  "packages": {
    "": {
      "name": "@shakerquiz/translations",
      "version": "0.0.58",
      "license": "ISC",
      "devDependencies": {
        "@shakerquiz/utilities": "4.0.94"
      }
    },
    "node_modules/@shakerquiz/utilities": {
      "version": "4.0.94",
      "resolved": "https://registry.npmjs.org/@shakerquiz/utilities/-/utilities-4.0.94.tgz",
      "integrity": "sha512-/Fb6UAj/27tKvEeeA4EZ/1sF25DId5s4waP9EFJFNzzaP5Vgt3LJUiaSK73hSZTMRpgb7qS9CDp71JTwZrKGVA==",
      "dev": true,
      "license": "ISC"
    }
  }
}
